{
    "_readme": [
        "This file locks the dependencies of your project to a known state",
        "Read more about it at http://getcomposer.org/doc/01-basic-usage.md#composer-lock-the-lock-file"
    ],
    "hash": "af1ecb6b0fe4b32dfb909f665e442c12",
    "packages": [
        {
            "name": "johnstevenson/json-works",
            "version": "dev-master",
            "source": {
                "type": "git",
                "url": "https://github.com/johnstevenson/json-works.git",
                "reference": "v1.0.1"
            },
            "dist": {
                "type": "zip",
                "url": "https://api.github.com/repos/johnstevenson/json-works/zipball/v1.0.1",
                "reference": "v1.0.1",
                "shasum": ""
            },
            "require": {
                "php": ">=5.3.2"
            },
            "type": "library",
            "autoload": {
                "psr-0": {
                    "JohnStevenson\\JsonWorks": "src/"
                }
            },
            "notification-url": "https://packagist.org/downloads/",
            "license": [
                "MIT"
            ],
            "authors": [
                {
                    "name": "John Stevenson",
                    "email": "john-stevenson@blueyonder.co.uk"
                }
            ],
            "description": "Create, edit, query and validate json",
            "homepage": "http://github.com/johnstevenson/json-works",
            "keywords": [
                "json",
                "schema"
            ],
            "time": "2013-04-25 19:47:29"
        }
    ],
    "packages-dev": [

    ],
    "aliases": [

    ],
    "minimum-stability": "stable",
    "stability-flags": {
        "johnstevenson/json-works": 20
    },
    "platform": {
        "php": ">=5.4"
    },
    "platform-dev": [

    ]
}
